
Microsoft Visual Studio Solution File, Format Version 12.00
# Visual Studio Version 17
VisualStudioVersion = 17.4.33205.214
MinimumVisualStudioVersion = 10.0.40219.1
Project("{9A19103F-16F7-4668-BE54-9A1E7A4F7556}") = "Study", "Study\Study.csproj", "{E93932A3-E999-4694-B99A-373FE666CA61}"
EndProject
Project("{9A19103F-16F7-4668-BE54-9A1E7A4F7556}") = "2.study-DI", "2.study-DI\2.study-DI.csproj", "{358BE28F-54D9-433F-B958-F8943C3C764A}"
EndProject
Project("{9A19103F-16F7-4668-BE54-9A1E7A4F7556}") = "study3", "study3\study3.csproj", "{D16EF9B1-0F58-46BC-92BC-0803B7336742}"
EndProject
Project("{9A19103F-16F7-4668-BE54-9A1E7A4F7556}") = "Study4", "Study4\Study4.csproj", "{B0AD6BFF-09B3-419E-BB72-E2F851A310C2}"
EndProject
Project("{9A19103F-16F7-4668-BE54-9A1E7A4F7556}") = "Exception_and_nullable", "Exception_and_nullable\Exception_and_nullable.csproj", "{012D4D78-2D4A-406E-A6B9-6A8F930F5C60}"
EndProject
Project("{2150E333-8FDC-42A3-9474-1A3956D46DE8}") = "DI", "DI", "{A3BDB56C-EE58-4C29-957E-A018E1849939}"
EndProject
Project("{9A19103F-16F7-4668-BE54-9A1E7A4F7556}") = "Study5", "Study5\Study5.csproj", "{678A75E5-9BC8-46D0-8E4B-C268A5D60EC0}"
EndProject
Project("{9A19103F-16F7-4668-BE54-9A1E7A4F7556}") = "CodeWars", "CodeWars\CodeWars.csproj", "{E42360F8-F50C-4F17-B5F6-FC73A89D5A4F}"
EndProject
Project("{2150E333-8FDC-42A3-9474-1A3956D46DE8}") = "Metanit", "Metanit", "{85DB543E-C4BE-455F-83DE-3977C2D9DD23}"
EndProject
Project("{2150E333-8FDC-42A3-9474-1A3956D46DE8}") = "Base", "Base", "{94AABF48-0860-42FC-857C-DA50963D4D9F}"
EndProject
Project("{9A19103F-16F7-4668-BE54-9A1E7A4F7556}") = "Study6_Introduse_Scope", "Study6_Introduse_Scope\Study6_Introduse_Scope.csproj", "{F33E012F-952E-4A39-887B-4DCA827C16A6}"
EndProject
Project("{9A19103F-16F7-4668-BE54-9A1E7A4F7556}") = "Chemestry.Calcul.Polyol_and_isocyanate", "Chemestry.Calcul.Polyol_and_isocyanate\Chemestry.Calcul.Polyol_and_isocyanate.csproj", "{F95021D8-054E-4023-BF7D-3FB2E0F9C038}"
EndProject
Project("{2150E333-8FDC-42A3-9474-1A3956D46DE8}") = "tresh", "tresh", "{1A14EF7B-A150-479A-B8C5-F393C09447FA}"
EndProject
Project("{FAE04EC0-301F-11D3-BF4B-00C04F79EFBC}") = "TestUC", "TestUC\TestUC.csproj", "{367EAA8B-DC54-4D43-BA00-6B40837D3FA5}"
EndProject
Global
	GlobalSection(SolutionConfigurationPlatforms) = preSolution
		Debug|Any CPU = Debug|Any CPU
		Release|Any CPU = Release|Any CPU
	EndGlobalSection
	GlobalSection(ProjectConfigurationPlatforms) = postSolution
		{E93932A3-E999-4694-B99A-373FE666CA61}.Debug|Any CPU.ActiveCfg = Debug|Any CPU
		{E93932A3-E999-4694-B99A-373FE666CA61}.Debug|Any CPU.Build.0 = Debug|Any CPU
		{E93932A3-E999-4694-B99A-373FE666CA61}.Release|Any CPU.ActiveCfg = Release|Any CPU
		{E93932A3-E999-4694-B99A-373FE666CA61}.Release|Any CPU.Build.0 = Release|Any CPU
		{358BE28F-54D9-433F-B958-F8943C3C764A}.Debug|Any CPU.ActiveCfg = Debug|Any CPU
		{358BE28F-54D9-433F-B958-F8943C3C764A}.Debug|Any CPU.Build.0 = Debug|Any CPU
		{358BE28F-54D9-433F-B958-F8943C3C764A}.Release|Any CPU.ActiveCfg = Release|Any CPU
		{358BE28F-54D9-433F-B958-F8943C3C764A}.Release|Any CPU.Build.0 = Release|Any CPU
		{D16EF9B1-0F58-46BC-92BC-0803B7336742}.Debug|Any CPU.ActiveCfg = Debug|Any CPU
		{D16EF9B1-0F58-46BC-92BC-0803B7336742}.Debug|Any CPU.Build.0 = Debug|Any CPU
		{D16EF9B1-0F58-46BC-92BC-0803B7336742}.Release|Any CPU.ActiveCfg = Release|Any CPU
		{D16EF9B1-0F58-46BC-92BC-0803B7336742}.Release|Any CPU.Build.0 = Release|Any CPU
		{B0AD6BFF-09B3-419E-BB72-E2F851A310C2}.Debug|Any CPU.ActiveCfg = Debug|Any CPU
		{B0AD6BFF-09B3-419E-BB72-E2F851A310C2}.Debug|Any CPU.Build.0 = Debug|Any CPU
		{B0AD6BFF-09B3-419E-BB72-E2F851A310C2}.Release|Any CPU.ActiveCfg = Release|Any CPU
		{B0AD6BFF-09B3-419E-BB72-E2F851A310C2}.Release|Any CPU.Build.0 = Release|Any CPU
		{012D4D78-2D4A-406E-A6B9-6A8F930F5C60}.Debug|Any CPU.ActiveCfg = Debug|Any CPU
		{012D4D78-2D4A-406E-A6B9-6A8F930F5C60}.Debug|Any CPU.Build.0 = Debug|Any CPU
		{012D4D78-2D4A-406E-A6B9-6A8F930F5C60}.Release|Any CPU.ActiveCfg = Release|Any CPU
		{012D4D78-2D4A-406E-A6B9-6A8F930F5C60}.Release|Any CPU.Build.0 = Release|Any CPU
		{678A75E5-9BC8-46D0-8E4B-C268A5D60EC0}.Debug|Any CPU.ActiveCfg = Debug|Any CPU
		{678A75E5-9BC8-46D0-8E4B-C268A5D60EC0}.Debug|Any CPU.Build.0 = Debug|Any CPU
		{678A75E5-9BC8-46D0-8E4B-C268A5D60EC0}.Release|Any CPU.ActiveCfg = Release|Any CPU
		{678A75E5-9BC8-46D0-8E4B-C268A5D60EC0}.Release|Any CPU.Build.0 = Release|Any CPU
		{E42360F8-F50C-4F17-B5F6-FC73A89D5A4F}.Debug|Any CPU.ActiveCfg = Debug|Any CPU
		{E42360F8-F50C-4F17-B5F6-FC73A89D5A4F}.Debug|Any CPU.Build.0 = Debug|Any CPU
		{E42360F8-F50C-4F17-B5F6-FC73A89D5A4F}.Release|Any CPU.ActiveCfg = Release|Any CPU
		{E42360F8-F50C-4F17-B5F6-FC73A89D5A4F}.Release|Any CPU.Build.0 = Release|Any CPU
		{F33E012F-952E-4A39-887B-4DCA827C16A6}.Debug|Any CPU.ActiveCfg = Debug|Any CPU
		{F33E012F-952E-4A39-887B-4DCA827C16A6}.Debug|Any CPU.Build.0 = Debug|Any CPU
		{F33E012F-952E-4A39-887B-4DCA827C16A6}.Release|Any CPU.ActiveCfg = Release|Any CPU
		{F33E012F-952E-4A39-887B-4DCA827C16A6}.Release|Any CPU.Build.0 = Release|Any CPU
		{F95021D8-054E-4023-BF7D-3FB2E0F9C038}.Debug|Any CPU.ActiveCfg = Debug|Any CPU
		{F95021D8-054E-4023-BF7D-3FB2E0F9C038}.Debug|Any CPU.Build.0 = Debug|Any CPU
		{F95021D8-054E-4023-BF7D-3FB2E0F9C038}.Release|Any CPU.ActiveCfg = Release|Any CPU
		{F95021D8-054E-4023-BF7D-3FB2E0F9C038}.Release|Any CPU.Build.0 = Release|Any CPU
		{367EAA8B-DC54-4D43-BA00-6B40837D3FA5}.Debug|Any CPU.ActiveCfg = Debug|Any CPU
		{367EAA8B-DC54-4D43-BA00-6B40837D3FA5}.Debug|Any CPU.Build.0 = Debug|Any CPU
		{367EAA8B-DC54-4D43-BA00-6B40837D3FA5}.Release|Any CPU.ActiveCfg = Release|Any CPU
		{367EAA8B-DC54-4D43-BA00-6B40837D3FA5}.Release|Any CPU.Build.0 = Release|Any CPU
	EndGlobalSection
	GlobalSection(SolutionProperties) = preSolution
		HideSolutionNode = FALSE
	EndGlobalSection
	GlobalSection(NestedProjects) = preSolution
		{E93932A3-E999-4694-B99A-373FE666CA61} = {A3BDB56C-EE58-4C29-957E-A018E1849939}
		{358BE28F-54D9-433F-B958-F8943C3C764A} = {A3BDB56C-EE58-4C29-957E-A018E1849939}
		{D16EF9B1-0F58-46BC-92BC-0803B7336742} = {A3BDB56C-EE58-4C29-957E-A018E1849939}
		{B0AD6BFF-09B3-419E-BB72-E2F851A310C2} = {A3BDB56C-EE58-4C29-957E-A018E1849939}
		{012D4D78-2D4A-406E-A6B9-6A8F930F5C60} = {94AABF48-0860-42FC-857C-DA50963D4D9F}
		{A3BDB56C-EE58-4C29-957E-A018E1849939} = {85DB543E-C4BE-455F-83DE-3977C2D9DD23}
		{678A75E5-9BC8-46D0-8E4B-C268A5D60EC0} = {A3BDB56C-EE58-4C29-957E-A018E1849939}
		{94AABF48-0860-42FC-857C-DA50963D4D9F} = {85DB543E-C4BE-455F-83DE-3977C2D9DD23}
		{F33E012F-952E-4A39-887B-4DCA827C16A6} = {A3BDB56C-EE58-4C29-957E-A018E1849939}
		{367EAA8B-DC54-4D43-BA00-6B40837D3FA5} = {1A14EF7B-A150-479A-B8C5-F393C09447FA}
	EndGlobalSection
	GlobalSection(ExtensibilityGlobals) = postSolution
		SolutionGuid = {9A6A1EE9-704A-4A50-9BE6-A141F67B3AD2}
	EndGlobalSection
EndGlobal
