
Microsoft Visual Studio Solution File, Format Version 12.00
# Visual Studio Version 17
VisualStudioVersion = 17.4.34031.109
MinimumVisualStudioVersion = 10.0.40219.1
Project("{FAE04EC0-301F-11D3-BF4B-00C04F79EFBC}") = "PPU", "PPU\PPU.csproj", "{13D254A0-9412-4A86-8D27-3DBA15BF7B28}"
EndProject
Global
	GlobalSection(SolutionConfigurationPlatforms) = preSolution
		Debug|Any CPU = Debug|Any CPU
		Release|Any CPU = Release|Any CPU
	EndGlobalSection
	GlobalSection(ProjectConfigurationPlatforms) = postSolution
		{13D254A0-9412-4A86-8D27-3DBA15BF7B28}.Debug|Any CPU.ActiveCfg = Debug|Any CPU
		{13D254A0-9412-4A86-8D27-3DBA15BF7B28}.Debug|Any CPU.Build.0 = Debug|Any CPU
		{13D254A0-9412-4A86-8D27-3DBA15BF7B28}.Release|Any CPU.ActiveCfg = Release|Any CPU
		{13D254A0-9412-4A86-8D27-3DBA15BF7B28}.Release|Any CPU.Build.0 = Release|Any CPU
	EndGlobalSection
	GlobalSection(SolutionProperties) = preSolution
		HideSolutionNode = FALSE
	EndGlobalSection
	GlobalSection(ExtensibilityGlobals) = postSolution
		SolutionGuid = {3416A9EE-B59B-45A3-A9C9-4FBA0F5E7F0B}
	EndGlobalSection
EndGlobal
