
Microsoft Visual Studio Solution File, Format Version 12.00
# Visual Studio Version 17
VisualStudioVersion = 17.4.34031.109
MinimumVisualStudioVersion = 10.0.40219.1
Project("{9A19103F-16F7-4668-BE54-9A1E7A4F7556}") = "PPUSystems", "MyCompany\PPUSystems.csproj", "{B440FF76-98FC-4330-9222-A1CE5608DDF7}"
EndProject
Global
	GlobalSection(SolutionConfigurationPlatforms) = preSolution
		Debug|Any CPU = Debug|Any CPU
		Release|Any CPU = Release|Any CPU
	EndGlobalSection
	GlobalSection(ProjectConfigurationPlatforms) = postSolution
		{B440FF76-98FC-4330-9222-A1CE5608DDF7}.Debug|Any CPU.ActiveCfg = Debug|Any CPU
		{B440FF76-98FC-4330-9222-A1CE5608DDF7}.Debug|Any CPU.Build.0 = Debug|Any CPU
		{B440FF76-98FC-4330-9222-A1CE5608DDF7}.Release|Any CPU.ActiveCfg = Release|Any CPU
		{B440FF76-98FC-4330-9222-A1CE5608DDF7}.Release|Any CPU.Build.0 = Release|Any CPU
	EndGlobalSection
	GlobalSection(SolutionProperties) = preSolution
		HideSolutionNode = FALSE
	EndGlobalSection
	GlobalSection(ExtensibilityGlobals) = postSolution
		SolutionGuid = {2DE86305-CCD1-4DCD-88FD-AD81F815BE2E}
	EndGlobalSection
EndGlobal
