
Microsoft Visual Studio Solution File, Format Version 12.00
# Visual Studio Version 17
VisualStudioVersion = 17.4.34302.79
MinimumVisualStudioVersion = 10.0.40219.1
Project("{FAE04EC0-301F-11D3-BF4B-00C04F79EFBC}") = "WebTestCkeditor", "WebTestCkeditor\WebTestCkeditor.csproj", "{63DF890B-1D96-4393-98FA-FD3C6360DC12}"
EndProject
Global
	GlobalSection(SolutionConfigurationPlatforms) = preSolution
		Debug|Any CPU = Debug|Any CPU
		Release|Any CPU = Release|Any CPU
	EndGlobalSection
	GlobalSection(ProjectConfigurationPlatforms) = postSolution
		{63DF890B-1D96-4393-98FA-FD3C6360DC12}.Debug|Any CPU.ActiveCfg = Debug|Any CPU
		{63DF890B-1D96-4393-98FA-FD3C6360DC12}.Debug|Any CPU.Build.0 = Debug|Any CPU
		{63DF890B-1D96-4393-98FA-FD3C6360DC12}.Release|Any CPU.ActiveCfg = Release|Any CPU
		{63DF890B-1D96-4393-98FA-FD3C6360DC12}.Release|Any CPU.Build.0 = Release|Any CPU
	EndGlobalSection
	GlobalSection(SolutionProperties) = preSolution
		HideSolutionNode = FALSE
	EndGlobalSection
	GlobalSection(ExtensibilityGlobals) = postSolution
		SolutionGuid = {42AD6726-C9AC-49F3-A252-84304AAA57DC}
	EndGlobalSection
EndGlobal
